
Microsoft Visual Studio Solution File, Format Version 12.00
# Visual Studio 15
VisualStudioVersion = 15.0.28307.1738
MinimumVisualStudioVersion = 10.0.40219.1
Project("{8BC9CEB8-8B4A-11D0-8D11-00A0C91BC942}") = "6.3 Call Function", "6.3 Call Function\6.3 Call Function.vcxproj", "{9CFD64E7-F54E-4872-991C-6270D515E6F0}"
EndProject
Global
	GlobalSection(SolutionConfigurationPlatforms) = preSolution
		Debug|x64 = Debug|x64
		Debug|x86 = Debug|x86
		Release|x64 = Release|x64
		Release|x86 = Release|x86
	EndGlobalSection
	GlobalSection(ProjectConfigurationPlatforms) = postSolution
		{9CFD64E7-F54E-4872-991C-6270D515E6F0}.Debug|x64.ActiveCfg = Debug|x64
		{9CFD64E7-F54E-4872-991C-6270D515E6F0}.Debug|x64.Build.0 = Debug|x64
		{9CFD64E7-F54E-4872-991C-6270D515E6F0}.Debug|x86.ActiveCfg = Debug|Win32
		{9CFD64E7-F54E-4872-991C-6270D515E6F0}.Debug|x86.Build.0 = Debug|Win32
		{9CFD64E7-F54E-4872-991C-6270D515E6F0}.Release|x64.ActiveCfg = Release|x64
		{9CFD64E7-F54E-4872-991C-6270D515E6F0}.Release|x64.Build.0 = Release|x64
		{9CFD64E7-F54E-4872-991C-6270D515E6F0}.Release|x86.ActiveCfg = Release|Win32
		{9CFD64E7-F54E-4872-991C-6270D515E6F0}.Release|x86.Build.0 = Release|Win32
	EndGlobalSection
	GlobalSection(SolutionProperties) = preSolution
		HideSolutionNode = FALSE
	EndGlobalSection
	GlobalSection(ExtensibilityGlobals) = postSolution
		SolutionGuid = {1D44CCF5-5507-40B4-A427-EF0B0ED38242}
	EndGlobalSection
EndGlobal
