
Microsoft Visual Studio Solution File, Format Version 12.00
# Visual Studio 15
VisualStudioVersion = 15.0.28307.1738
MinimumVisualStudioVersion = 10.0.40219.1
Project("{8BC9CEB8-8B4A-11D0-8D11-00A0C91BC942}") = "1.1 HelloWorld", "1.1 HelloWorld\1.1 HelloWorld.vcxproj", "{4B12DFF4-B82C-44BD-97E5-902FDF3177F2}"
EndProject
Global
	GlobalSection(SolutionConfigurationPlatforms) = preSolution
		Debug|x64 = Debug|x64
		Debug|x86 = Debug|x86
		Release|x64 = Release|x64
		Release|x86 = Release|x86
	EndGlobalSection
	GlobalSection(ProjectConfigurationPlatforms) = postSolution
		{4B12DFF4-B82C-44BD-97E5-902FDF3177F2}.Debug|x64.ActiveCfg = Debug|x64
		{4B12DFF4-B82C-44BD-97E5-902FDF3177F2}.Debug|x64.Build.0 = Debug|x64
		{4B12DFF4-B82C-44BD-97E5-902FDF3177F2}.Debug|x86.ActiveCfg = Debug|Win32
		{4B12DFF4-B82C-44BD-97E5-902FDF3177F2}.Debug|x86.Build.0 = Debug|Win32
		{4B12DFF4-B82C-44BD-97E5-902FDF3177F2}.Release|x64.ActiveCfg = Release|x64
		{4B12DFF4-B82C-44BD-97E5-902FDF3177F2}.Release|x64.Build.0 = Release|x64
		{4B12DFF4-B82C-44BD-97E5-902FDF3177F2}.Release|x86.ActiveCfg = Release|Win32
		{4B12DFF4-B82C-44BD-97E5-902FDF3177F2}.Release|x86.Build.0 = Release|Win32
	EndGlobalSection
	GlobalSection(SolutionProperties) = preSolution
		HideSolutionNode = FALSE
	EndGlobalSection
	GlobalSection(ExtensibilityGlobals) = postSolution
		SolutionGuid = {9B32C866-067D-4448-8931-F6B5D2E430DC}
	EndGlobalSection
EndGlobal
