
Microsoft Visual Studio Solution File, Format Version 12.00
# Visual Studio 15
VisualStudioVersion = 15.0.28307.1738
MinimumVisualStudioVersion = 10.0.40219.1
Project("{8BC9CEB8-8B4A-11D0-8D11-00A0C91BC942}") = "2.3 float double", "2.3 float double\2.3 float double.vcxproj", "{F0140F6A-101A-4005-989E-F5F827C050BA}"
EndProject
Global
	GlobalSection(SolutionConfigurationPlatforms) = preSolution
		Debug|x64 = Debug|x64
		Debug|x86 = Debug|x86
		Release|x64 = Release|x64
		Release|x86 = Release|x86
	EndGlobalSection
	GlobalSection(ProjectConfigurationPlatforms) = postSolution
		{F0140F6A-101A-4005-989E-F5F827C050BA}.Debug|x64.ActiveCfg = Debug|x64
		{F0140F6A-101A-4005-989E-F5F827C050BA}.Debug|x64.Build.0 = Debug|x64
		{F0140F6A-101A-4005-989E-F5F827C050BA}.Debug|x86.ActiveCfg = Debug|Win32
		{F0140F6A-101A-4005-989E-F5F827C050BA}.Debug|x86.Build.0 = Debug|Win32
		{F0140F6A-101A-4005-989E-F5F827C050BA}.Release|x64.ActiveCfg = Release|x64
		{F0140F6A-101A-4005-989E-F5F827C050BA}.Release|x64.Build.0 = Release|x64
		{F0140F6A-101A-4005-989E-F5F827C050BA}.Release|x86.ActiveCfg = Release|Win32
		{F0140F6A-101A-4005-989E-F5F827C050BA}.Release|x86.Build.0 = Release|Win32
	EndGlobalSection
	GlobalSection(SolutionProperties) = preSolution
		HideSolutionNode = FALSE
	EndGlobalSection
	GlobalSection(ExtensibilityGlobals) = postSolution
		SolutionGuid = {11D21384-77C8-48BC-AA43-0A51DB0378E5}
	EndGlobalSection
EndGlobal
