
Microsoft Visual Studio Solution File, Format Version 12.00
# Visual Studio 15
VisualStudioVersion = 15.0.28307.1738
MinimumVisualStudioVersion = 10.0.40219.1
Project("{8BC9CEB8-8B4A-11D0-8D11-00A0C91BC942}") = "8.4 struct Pointer", "8.4 struct Pointer\8.4 struct Pointer.vcxproj", "{F44383C7-FB91-40ED-A190-94C77BE5231D}"
EndProject
Global
	GlobalSection(SolutionConfigurationPlatforms) = preSolution
		Debug|x64 = Debug|x64
		Debug|x86 = Debug|x86
		Release|x64 = Release|x64
		Release|x86 = Release|x86
	EndGlobalSection
	GlobalSection(ProjectConfigurationPlatforms) = postSolution
		{F44383C7-FB91-40ED-A190-94C77BE5231D}.Debug|x64.ActiveCfg = Debug|x64
		{F44383C7-FB91-40ED-A190-94C77BE5231D}.Debug|x64.Build.0 = Debug|x64
		{F44383C7-FB91-40ED-A190-94C77BE5231D}.Debug|x86.ActiveCfg = Debug|Win32
		{F44383C7-FB91-40ED-A190-94C77BE5231D}.Debug|x86.Build.0 = Debug|Win32
		{F44383C7-FB91-40ED-A190-94C77BE5231D}.Release|x64.ActiveCfg = Release|x64
		{F44383C7-FB91-40ED-A190-94C77BE5231D}.Release|x64.Build.0 = Release|x64
		{F44383C7-FB91-40ED-A190-94C77BE5231D}.Release|x86.ActiveCfg = Release|Win32
		{F44383C7-FB91-40ED-A190-94C77BE5231D}.Release|x86.Build.0 = Release|Win32
	EndGlobalSection
	GlobalSection(SolutionProperties) = preSolution
		HideSolutionNode = FALSE
	EndGlobalSection
	GlobalSection(ExtensibilityGlobals) = postSolution
		SolutionGuid = {8324042E-0B9A-47B9-8795-176B480210FE}
	EndGlobalSection
EndGlobal
