
Microsoft Visual Studio Solution File, Format Version 12.00
# Visual Studio 15
VisualStudioVersion = 15.0.28307.1738
MinimumVisualStudioVersion = 10.0.40219.1
Project("{8BC9CEB8-8B4A-11D0-8D11-00A0C91BC942}") = "4.3.1 break", "4.3.1 break\4.3.1 break.vcxproj", "{968A60AF-53D5-45DE-A92C-B9375C3E4BB6}"
EndProject
Global
	GlobalSection(SolutionConfigurationPlatforms) = preSolution
		Debug|x64 = Debug|x64
		Debug|x86 = Debug|x86
		Release|x64 = Release|x64
		Release|x86 = Release|x86
	EndGlobalSection
	GlobalSection(ProjectConfigurationPlatforms) = postSolution
		{968A60AF-53D5-45DE-A92C-B9375C3E4BB6}.Debug|x64.ActiveCfg = Debug|x64
		{968A60AF-53D5-45DE-A92C-B9375C3E4BB6}.Debug|x64.Build.0 = Debug|x64
		{968A60AF-53D5-45DE-A92C-B9375C3E4BB6}.Debug|x86.ActiveCfg = Debug|Win32
		{968A60AF-53D5-45DE-A92C-B9375C3E4BB6}.Debug|x86.Build.0 = Debug|Win32
		{968A60AF-53D5-45DE-A92C-B9375C3E4BB6}.Release|x64.ActiveCfg = Release|x64
		{968A60AF-53D5-45DE-A92C-B9375C3E4BB6}.Release|x64.Build.0 = Release|x64
		{968A60AF-53D5-45DE-A92C-B9375C3E4BB6}.Release|x86.ActiveCfg = Release|Win32
		{968A60AF-53D5-45DE-A92C-B9375C3E4BB6}.Release|x86.Build.0 = Release|Win32
	EndGlobalSection
	GlobalSection(SolutionProperties) = preSolution
		HideSolutionNode = FALSE
	EndGlobalSection
	GlobalSection(ExtensibilityGlobals) = postSolution
		SolutionGuid = {0BF8913E-B47C-4E96-B1D4-380FAE4F12D1}
	EndGlobalSection
EndGlobal
