
Microsoft Visual Studio Solution File, Format Version 12.00
# Visual Studio 15
VisualStudioVersion = 15.0.28307.1738
MinimumVisualStudioVersion = 10.0.40219.1
Project("{8BC9CEB8-8B4A-11D0-8D11-00A0C91BC942}") = "5.3 2D Array", "5.3 2D Array\5.3 2D Array.vcxproj", "{8EAE6DE2-0AE3-4C78-92A6-001CD6549738}"
EndProject
Global
	GlobalSection(SolutionConfigurationPlatforms) = preSolution
		Debug|x64 = Debug|x64
		Debug|x86 = Debug|x86
		Release|x64 = Release|x64
		Release|x86 = Release|x86
	EndGlobalSection
	GlobalSection(ProjectConfigurationPlatforms) = postSolution
		{8EAE6DE2-0AE3-4C78-92A6-001CD6549738}.Debug|x64.ActiveCfg = Debug|x64
		{8EAE6DE2-0AE3-4C78-92A6-001CD6549738}.Debug|x64.Build.0 = Debug|x64
		{8EAE6DE2-0AE3-4C78-92A6-001CD6549738}.Debug|x86.ActiveCfg = Debug|Win32
		{8EAE6DE2-0AE3-4C78-92A6-001CD6549738}.Debug|x86.Build.0 = Debug|Win32
		{8EAE6DE2-0AE3-4C78-92A6-001CD6549738}.Release|x64.ActiveCfg = Release|x64
		{8EAE6DE2-0AE3-4C78-92A6-001CD6549738}.Release|x64.Build.0 = Release|x64
		{8EAE6DE2-0AE3-4C78-92A6-001CD6549738}.Release|x86.ActiveCfg = Release|Win32
		{8EAE6DE2-0AE3-4C78-92A6-001CD6549738}.Release|x86.Build.0 = Release|Win32
	EndGlobalSection
	GlobalSection(SolutionProperties) = preSolution
		HideSolutionNode = FALSE
	EndGlobalSection
	GlobalSection(ExtensibilityGlobals) = postSolution
		SolutionGuid = {84B7158D-651E-4100-9CD8-C1462B7687F6}
	EndGlobalSection
EndGlobal
